// !$*UTF8*$!
{
	archiveVersion = 1;
	classes = {
	};
	objectVersion = 50;
	objects = {

/* Begin PBXBuildFile section */
		67038132246F3A7000160687 /* IntegrationViewModel.swift in Sources */ = {isa = PBXBuildFile; fileRef = 67038131246F3A7000160687 /* IntegrationViewModel.swift */; };
		67572142247274A8008A35AA /* Assets.xcassets in Resources */ = {isa = PBXBuildFile; fileRef = 67572141247274A8008A35AA /* Assets.xcassets */; };
		67572144247275FD008A35AA /* AdaptToKeyboardModifier.swift in Sources */ = {isa = PBXBuildFile; fileRef = 67572143247275FD008A35AA /* AdaptToKeyboardModifier.swift */; };
		67611734246EB54500D2A694 /* Localizable.strings in Resources */ = {isa = PBXBuildFile; fileRef = 67611736246EB54500D2A694 /* Localizable.strings */; };
		6794843E246E9FEB002738AE /* AppDelegate.swift in Sources */ = {isa = PBXBuildFile; fileRef = 6794843D246E9FEB002738AE /* AppDelegate.swift */; };
		67948440246E9FEB002738AE /* SceneDelegate.swift in Sources */ = {isa = PBXBuildFile; fileRef = 6794843F246E9FEB002738AE /* SceneDelegate.swift */; };
		67948442246E9FEB002738AE /* IntegrationView.swift in Sources */ = {isa = PBXBuildFile; fileRef = 67948441246E9FEB002738AE /* IntegrationView.swift */; };
		67948447246E9FEC002738AE /* Preview Assets.xcassets in Resources */ = {isa = PBXBuildFile; fileRef = 67948446246E9FEC002738AE /* Preview Assets.xcassets */; };
		6794844A246E9FEC002738AE /* LaunchScreen.storyboard in Resources */ = {isa = PBXBuildFile; fileRef = 67948448246E9FEC002738AE /* LaunchScreen.storyboard */; };
/* End PBXBuildFile section */

/* Begin PBXFileReference section */
		67038131246F3A7000160687 /* IntegrationViewModel.swift */ = {isa = PBXFileReference; lastKnownFileType = sourcecode.swift; path = IntegrationViewModel.swift; sourceTree = "<group>"; };
		67572141247274A8008A35AA /* Assets.xcassets */ = {isa = PBXFileReference; lastKnownFileType = folder.assetcatalog; path = Assets.xcassets; sourceTree = "<group>"; };
		67572143247275FD008A35AA /* AdaptToKeyboardModifier.swift */ = {isa = PBXFileReference; lastKnownFileType = sourcecode.swift; path = AdaptToKeyboardModifier.swift; sourceTree = "<group>"; };
		67611733246EB53900D2A694 /* ru */ = {isa = PBXFileReference; lastKnownFileType = text.plist.strings; name = ru; path = ru.lproj/LaunchScreen.strings; sourceTree = "<group>"; };
		67611735246EB54500D2A694 /* ru */ = {isa = PBXFileReference; lastKnownFileType = text.plist.strings; name = ru; path = ru.lproj/Localizable.strings; sourceTree = "<group>"; };
		67611737246EB55F00D2A694 /* en */ = {isa = PBXFileReference; lastKnownFileType = text.plist.strings; name = en; path = en.lproj/Localizable.strings; sourceTree = "<group>"; };
		6794843A246E9FEB002738AE /* IntegrationTestApp.app */ = {isa = PBXFileReference; explicitFileType = wrapper.application; includeInIndex = 0; path = IntegrationTestApp.app; sourceTree = BUILT_PRODUCTS_DIR; };
		6794843D246E9FEB002738AE /* AppDelegate.swift */ = {isa = PBXFileReference; lastKnownFileType = sourcecode.swift; path = AppDelegate.swift; sourceTree = "<group>"; };
		6794843F246E9FEB002738AE /* SceneDelegate.swift */ = {isa = PBXFileReference; lastKnownFileType = sourcecode.swift; path = SceneDelegate.swift; sourceTree = "<group>"; };
		67948441246E9FEB002738AE /* IntegrationView.swift */ = {isa = PBXFileReference; lastKnownFileType = sourcecode.swift; path = IntegrationView.swift; sourceTree = "<group>"; };
		67948446246E9FEC002738AE /* Preview Assets.xcassets */ = {isa = PBXFileReference; lastKnownFileType = folder.assetcatalog; path = "Preview Assets.xcassets"; sourceTree = "<group>"; };
		67948449246E9FEC002738AE /* Base */ = {isa = PBXFileReference; lastKnownFileType = file.storyboard; name = Base; path = Base.lproj/LaunchScreen.storyboard; sourceTree = "<group>"; };
		6794844B246E9FEC002738AE /* Info.plist */ = {isa = PBXFileReference; lastKnownFileType = text.plist.xml; path = Info.plist; sourceTree = "<group>"; };
/* End PBXFileReference section */

/* Begin PBXFrameworksBuildPhase section */
		67948437246E9FEB002738AE /* Frameworks */ = {
			isa = PBXFrameworksBuildPhase;
			buildActionMask = 2147483647;
			files = (
			);
			runOnlyForDeploymentPostprocessing = 0;
		};
/* End PBXFrameworksBuildPhase section */

/* Begin PBXGroup section */
		6757214524727601008A35AA /* ViewModifiers */ = {
			isa = PBXGroup;
			children = (
				67572143247275FD008A35AA /* AdaptToKeyboardModifier.swift */,
			);
			path = ViewModifiers;
			sourceTree = "<group>";
		};
		67948431246E9FEB002738AE = {
			isa = PBXGroup;
			children = (
				6794843C246E9FEB002738AE /* IntegrationTestApp */,
				6794843B246E9FEB002738AE /* Products */,
			);
			sourceTree = "<group>";
		};
		6794843B246E9FEB002738AE /* Products */ = {
			isa = PBXGroup;
			children = (
				6794843A246E9FEB002738AE /* IntegrationTestApp.app */,
			);
			name = Products;
			sourceTree = "<group>";
		};
		6794843C246E9FEB002738AE /* IntegrationTestApp */ = {
			isa = PBXGroup;
			children = (
				6757214524727601008A35AA /* ViewModifiers */,
				6794843D246E9FEB002738AE /* AppDelegate.swift */,
				6794843F246E9FEB002738AE /* SceneDelegate.swift */,
				67948441246E9FEB002738AE /* IntegrationView.swift */,
				67038131246F3A7000160687 /* IntegrationViewModel.swift */,
				67572141247274A8008A35AA /* Assets.xcassets */,
				67948448246E9FEC002738AE /* LaunchScreen.storyboard */,
				6794844B246E9FEC002738AE /* Info.plist */,
				67948445246E9FEC002738AE /* Preview Content */,
				67611736246EB54500D2A694 /* Localizable.strings */,
			);
			path = IntegrationTestApp;
			sourceTree = "<group>";
		};
		67948445246E9FEC002738AE /* Preview Content */ = {
			isa = PBXGroup;
			children = (
				67948446246E9FEC002738AE /* Preview Assets.xcassets */,
			);
			path = "Preview Content";
			sourceTree = "<group>";
		};
/* End PBXGroup section */

/* Begin PBXNativeTarget section */
		67948439246E9FEB002738AE /* IntegrationTestApp */ = {
			isa = PBXNativeTarget;
			buildConfigurationList = 6794844E246E9FEC002738AE /* Build configuration list for PBXNativeTarget "IntegrationTestApp" */;
			buildPhases = (
				67948436246E9FEB002738AE /* Sources */,
				67948437246E9FEB002738AE /* Frameworks */,
				67948438246E9FEB002738AE /* Resources */,
			);
			buildRules = (
			);
			dependencies = (
			);
			name = IntegrationTestApp;
			productName = IntegrationTestApp;
			productReference = 6794843A246E9FEB002738AE /* IntegrationTestApp.app */;
			productType = "com.apple.product-type.application";
		};
/* End PBXNativeTarget section */

/* Begin PBXProject section */
		67948432246E9FEB002738AE /* Project object */ = {
			isa = PBXProject;
			attributes = {
				LastSwiftUpdateCheck = 1140;
				LastUpgradeCheck = 1240;
				ORGANIZATIONNAME = IntelligenceRetail;
				TargetAttributes = {
					67948439246E9FEB002738AE = {
						CreatedOnToolsVersion = 11.4.1;
					};
				};
			};
			buildConfigurationList = 67948435246E9FEB002738AE /* Build configuration list for PBXProject "IntegrationTestApp" */;
			compatibilityVersion = "Xcode 9.3";
			developmentRegion = en;
			hasScannedForEncodings = 0;
			knownRegions = (
				en,
				Base,
				ru,
			);
			mainGroup = 67948431246E9FEB002738AE;
			productRefGroup = 6794843B246E9FEB002738AE /* Products */;
			projectDirPath = "";
			projectRoot = "";
			targets = (
				67948439246E9FEB002738AE /* IntegrationTestApp */,
			);
		};
/* End PBXProject section */

/* Begin PBXResourcesBuildPhase section */
		67948438246E9FEB002738AE /* Resources */ = {
			isa = PBXResourcesBuildPhase;
			buildActionMask = 2147483647;
			files = (
				6794844A246E9FEC002738AE /* LaunchScreen.storyboard in Resources */,
				67611734246EB54500D2A694 /* Localizable.strings in Resources */,
				67572142247274A8008A35AA /* Assets.xcassets in Resources */,
				67948447246E9FEC002738AE /* Preview Assets.xcassets in Resources */,
			);
			runOnlyForDeploymentPostprocessing = 0;
		};
/* End PBXResourcesBuildPhase section */

/* Begin PBXSourcesBuildPhase section */
		67948436246E9FEB002738AE /* Sources */ = {
			isa = PBXSourcesBuildPhase;
			buildActionMask = 2147483647;
			files = (
				67572144247275FD008A35AA /* AdaptToKeyboardModifier.swift in Sources */,
				6794843E246E9FEB002738AE /* AppDelegate.swift in Sources */,
				67038132246F3A7000160687 /* IntegrationViewModel.swift in Sources */,
				67948440246E9FEB002738AE /* SceneDelegate.swift in Sources */,
				67948442246E9FEB002738AE /* IntegrationView.swift in Sources */,
			);
			runOnlyForDeploymentPostprocessing = 0;
		};
/* End PBXSourcesBuildPhase section */

/* Begin PBXVariantGroup section */
		67611736246EB54500D2A694 /* Localizable.strings */ = {
			isa = PBXVariantGroup;
			children = (
				67611735246EB54500D2A694 /* ru */,
				67611737246EB55F00D2A694 /* en */,
			);
			name = Localizable.strings;
			sourceTree = "<group>";
		};
		67948448246E9FEC002738AE /* LaunchScreen.storyboard */ = {
			isa = PBXVariantGroup;
			children = (
				67948449246E9FEC002738AE /* Base */,
				67611733246EB53900D2A694 /* ru */,
			);
			name = LaunchScreen.storyboard;
			sourceTree = "<group>";
		};
/* End PBXVariantGroup section */

/* Begin XCBuildConfiguration section */
		6794844C246E9FEC002738AE /* Debug */ = {
			isa = XCBuildConfiguration;
			buildSettings = {
				ALWAYS_SEARCH_USER_PATHS = NO;
				CLANG_ANALYZER_LOCALIZABILITY_NONLOCALIZED = YES;
				CLANG_ANALYZER_NONNULL = YES;
				CLANG_ANALYZER_NUMBER_OBJECT_CONVERSION = YES_AGGRESSIVE;
				CLANG_CXX_LANGUAGE_STANDARD = "gnu++14";
				CLANG_CXX_LIBRARY = "libc++";
				CLANG_ENABLE_MODULES = YES;
				CLANG_ENABLE_OBJC_ARC = YES;
				CLANG_ENABLE_OBJC_WEAK = YES;
				CLANG_WARN_BLOCK_CAPTURE_AUTORELEASING = YES;
				CLANG_WARN_BOOL_CONVERSION = YES;
				CLANG_WARN_COMMA = YES;
				CLANG_WARN_CONSTANT_CONVERSION = YES;
				CLANG_WARN_DEPRECATED_OBJC_IMPLEMENTATIONS = YES;
				CLANG_WARN_DIRECT_OBJC_ISA_USAGE = YES_ERROR;
				CLANG_WARN_DOCUMENTATION_COMMENTS = YES;
				CLANG_WARN_EMPTY_BODY = YES;
				CLANG_WARN_ENUM_CONVERSION = YES;
				CLANG_WARN_INFINITE_RECURSION = YES;
				CLANG_WARN_INT_CONVERSION = YES;
				CLANG_WARN_NON_LITERAL_NULL_CONVERSION = YES;
				CLANG_WARN_OBJC_IMPLICIT_RETAIN_SELF = YES;
				CLANG_WARN_OBJC_LITERAL_CONVERSION = YES;
				CLANG_WARN_OBJC_ROOT_CLASS = YES_ERROR;
				CLANG_WARN_QUOTED_INCLUDE_IN_FRAMEWORK_HEADER = YES;
				CLANG_WARN_RANGE_LOOP_ANALYSIS = YES;
				CLANG_WARN_STRICT_PROTOTYPES = YES;
				CLANG_WARN_SUSPICIOUS_MOVE = YES;
				CLANG_WARN_UNGUARDED_AVAILABILITY = YES_AGGRESSIVE;
				CLANG_WARN_UNREACHABLE_CODE = YES;
				CLANG_WARN__DUPLICATE_METHOD_MATCH = YES;
				COPY_PHASE_STRIP = NO;
				DEBUG_INFORMATION_FORMAT = dwarf;
				ENABLE_STRICT_OBJC_MSGSEND = YES;
				ENABLE_TESTABILITY = YES;
				GCC_C_LANGUAGE_STANDARD = gnu11;
				GCC_DYNAMIC_NO_PIC = NO;
				GCC_NO_COMMON_BLOCKS = YES;
				GCC_OPTIMIZATION_LEVEL = 0;
				GCC_PREPROCESSOR_DEFINITIONS = (
					"DEBUG=1",
					"$(inherited)",
				);
				GCC_WARN_64_TO_32_BIT_CONVERSION = YES;
				GCC_WARN_ABOUT_RETURN_TYPE = YES_ERROR;
				GCC_WARN_UNDECLARED_SELECTOR = YES;
				GCC_WARN_UNINITIALIZED_AUTOS = YES_AGGRESSIVE;
				GCC_WARN_UNUSED_FUNCTION = YES;
				GCC_WARN_UNUSED_VARIABLE = YES;
				IPHONEOS_DEPLOYMENT_TARGET = 13.4;
				MTL_ENABLE_DEBUG_INFO = INCLUDE_SOURCE;
				MTL_FAST_MATH = YES;
				ONLY_ACTIVE_ARCH = YES;
				SDKROOT = iphoneos;
				SWIFT_ACTIVE_COMPILATION_CONDITIONS = DEBUG;
				SWIFT_OPTIMIZATION_LEVEL = "-Onone";
			};
			name = Debug;
		};
		6794844D246E9FEC002738AE /* Release */ = {
			isa = XCBuildConfiguration;
			buildSettings = {
				ALWAYS_SEARCH_USER_PATHS = NO;
				CLANG_ANALYZER_LOCALIZABILITY_NONLOCALIZED = YES;
				CLANG_ANALYZER_NONNULL = YES;
				CLANG_ANALYZER_NUMBER_OBJECT_CONVERSION = YES_AGGRESSIVE;
				CLANG_CXX_LANGUAGE_STANDARD = "gnu++14";
				CLANG_CXX_LIBRARY = "libc++";
				CLANG_ENABLE_MODULES = YES;
				CLANG_ENABLE_OBJC_ARC = YES;
				CLANG_ENABLE_OBJC_WEAK = YES;
				CLANG_WARN_BLOCK_CAPTURE_AUTORELEASING = YES;
				CLANG_WARN_BOOL_CONVERSION = YES;
				CLANG_WARN_COMMA = YES;
				CLANG_WARN_CONSTANT_CONVERSION = YES;
				CLANG_WARN_DEPRECATED_OBJC_IMPLEMENTATIONS = YES;
				CLANG_WARN_DIRECT_OBJC_ISA_USAGE = YES_ERROR;
				CLANG_WARN_DOCUMENTATION_COMMENTS = YES;
				CLANG_WARN_EMPTY_BODY = YES;
				CLANG_WARN_ENUM_CONVERSION = YES;
				CLANG_WARN_INFINITE_RECURSION = YES;
				CLANG_WARN_INT_CONVERSION = YES;
				CLANG_WARN_NON_LITERAL_NULL_CONVERSION = YES;
				CLANG_WARN_OBJC_IMPLICIT_RETAIN_SELF = YES;
				CLANG_WARN_OBJC_LITERAL_CONVERSION = YES;
				CLANG_WARN_OBJC_ROOT_CLASS = YES_ERROR;
				CLANG_WARN_QUOTED_INCLUDE_IN_FRAMEWORK_HEADER = YES;
				CLANG_WARN_RANGE_LOOP_ANALYSIS = YES;
				CLANG_WARN_STRICT_PROTOTYPES = YES;
				CLANG_WARN_SUSPICIOUS_MOVE = YES;
				CLANG_WARN_UNGUARDED_AVAILABILITY = YES_AGGRESSIVE;
				CLANG_WARN_UNREACHABLE_CODE = YES;
				CLANG_WARN__DUPLICATE_METHOD_MATCH = YES;
				COPY_PHASE_STRIP = NO;
				DEBUG_INFORMATION_FORMAT = "dwarf-with-dsym";
				ENABLE_NS_ASSERTIONS = NO;
				ENABLE_STRICT_OBJC_MSGSEND = YES;
				GCC_C_LANGUAGE_STANDARD = gnu11;
				GCC_NO_COMMON_BLOCKS = YES;
				GCC_WARN_64_TO_32_BIT_CONVERSION = YES;
				GCC_WARN_ABOUT_RETURN_TYPE = YES_ERROR;
				GCC_WARN_UNDECLARED_SELECTOR = YES;
				GCC_WARN_UNINITIALIZED_AUTOS = YES_AGGRESSIVE;
				GCC_WARN_UNUSED_FUNCTION = YES;
				GCC_WARN_UNUSED_VARIABLE = YES;
				IPHONEOS_DEPLOYMENT_TARGET = 13.4;
				MTL_ENABLE_DEBUG_INFO = NO;
				MTL_FAST_MATH = YES;
				SDKROOT = iphoneos;
				SWIFT_COMPILATION_MODE = wholemodule;
				SWIFT_OPTIMIZATION_LEVEL = "-O";
				VALIDATE_PRODUCT = YES;
			};
			name = Release;
		};
		6794844F246E9FEC002738AE /* Debug */ = {
			isa = XCBuildConfiguration;
			buildSettings = {
				ASSETCATALOG_COMPILER_APPICON_NAME = AppIcon;
				CODE_SIGN_STYLE = Automatic;
				CURRENT_PROJECT_VERSION = 18;
				DEVELOPMENT_ASSET_PATHS = "\"IntegrationTestApp/Preview Content\"";
				DEVELOPMENT_TEAM = YXQ7AM6FKX;
				ENABLE_PREVIEWS = YES;
				INFOPLIST_FILE = IntegrationTestApp/Info.plist;
				IPHONEOS_DEPLOYMENT_TARGET = 13.0;
				LD_RUNPATH_SEARCH_PATHS = (
					"$(inherited)",
					"@executable_path/Frameworks",
				);
				PRODUCT_BUNDLE_IDENTIFIER = com.intelligence.IntegrationTestApp;
				PRODUCT_NAME = "$(TARGET_NAME)";
				SWIFT_VERSION = 5.0;
				TARGETED_DEVICE_FAMILY = 1;
			};
			name = Debug;
		};
		67948450246E9FEC002738AE /* Release */ = {
			isa = XCBuildConfiguration;
			buildSettings = {
				ASSETCATALOG_COMPILER_APPICON_NAME = AppIcon;
				CODE_SIGN_STYLE = Automatic;
				CURRENT_PROJECT_VERSION = 18;
				DEVELOPMENT_ASSET_PATHS = "\"IntegrationTestApp/Preview Content\"";
				DEVELOPMENT_TEAM = YXQ7AM6FKX;
				ENABLE_PREVIEWS = YES;
				INFOPLIST_FILE = IntegrationTestApp/Info.plist;
				IPHONEOS_DEPLOYMENT_TARGET = 13.0;
				LD_RUNPATH_SEARCH_PATHS = (
					"$(inherited)",
					"@executable_path/Frameworks",
				);
				PRODUCT_BUNDLE_IDENTIFIER = com.intelligence.IntegrationTestApp;
				PRODUCT_NAME = "$(TARGET_NAME)";
				SWIFT_VERSION = 5.0;
				TARGETED_DEVICE_FAMILY = 1;
			};
			name = Release;
		};
/* End XCBuildConfiguration section */

/* Begin XCConfigurationList section */
		67948435246E9FEB002738AE /* Build configuration list for PBXProject "IntegrationTestApp" */ = {
			isa = XCConfigurationList;
			buildConfigurations = (
				6794844C246E9FEC002738AE /* Debug */,
				6794844D246E9FEC002738AE /* Release */,
			);
			defaultConfigurationIsVisible = 0;
			defaultConfigurationName = Release;
		};
		6794844E246E9FEC002738AE /* Build configuration list for PBXNativeTarget "IntegrationTestApp" */ = {
			isa = XCConfigurationList;
			buildConfigurations = (
				6794844F246E9FEC002738AE /* Debug */,
				67948450246E9FEC002738AE /* Release */,
			);
			defaultConfigurationIsVisible = 0;
			defaultConfigurationName = Release;
		};
/* End XCConfigurationList section */
	};
	rootObject = 67948432246E9FEB002738AE /* Project object */;
}
