// !$*UTF8*$!
{
	archiveVersion = 1;
	classes = {
	};
	objectVersion = 50;
	objects = {

/* Begin PBXBuildFile section */
		A02FE94C2587720E00583C4E /* AppDelegate.m in Sources */ = {isa = PBXBuildFile; fileRef = A02FE94B2587720E00583C4E /* AppDelegate.m */; };
		A02FE94F2587720E00583C4E /* SceneDelegate.m in Sources */ = {isa = PBXBuildFile; fileRef = A02FE94E2587720E00583C4E /* SceneDelegate.m */; };
		A02FE9522587720E00583C4E /* ViewController.m in Sources */ = {isa = PBXBuildFile; fileRef = A02FE9512587720E00583C4E /* ViewController.m */; };
		A02FE9552587720E00583C4E /* Main.storyboard in Resources */ = {isa = PBXBuildFile; fileRef = A02FE9532587720E00583C4E /* Main.storyboard */; };
		A02FE9572587720F00583C4E /* Assets.xcassets in Resources */ = {isa = PBXBuildFile; fileRef = A02FE9562587720F00583C4E /* Assets.xcassets */; };
		A02FE95A2587720F00583C4E /* LaunchScreen.storyboard in Resources */ = {isa = PBXBuildFile; fileRef = A02FE9582587720F00583C4E /* LaunchScreen.storyboard */; };
		A02FE95D2587720F00583C4E /* main.m in Sources */ = {isa = PBXBuildFile; fileRef = A02FE95C2587720F00583C4E /* main.m */; };
/* End PBXBuildFile section */

/* Begin PBXFileReference section */
		A02FE9472587720E00583C4E /* IrDeeplinkExample.app */ = {isa = PBXFileReference; explicitFileType = wrapper.application; includeInIndex = 0; path = IrDeeplinkExample.app; sourceTree = BUILT_PRODUCTS_DIR; };
		A02FE94A2587720E00583C4E /* AppDelegate.h */ = {isa = PBXFileReference; lastKnownFileType = sourcecode.c.h; path = AppDelegate.h; sourceTree = "<group>"; };
		A02FE94B2587720E00583C4E /* AppDelegate.m */ = {isa = PBXFileReference; lastKnownFileType = sourcecode.c.objc; path = AppDelegate.m; sourceTree = "<group>"; };
		A02FE94D2587720E00583C4E /* SceneDelegate.h */ = {isa = PBXFileReference; lastKnownFileType = sourcecode.c.h; path = SceneDelegate.h; sourceTree = "<group>"; };
		A02FE94E2587720E00583C4E /* SceneDelegate.m */ = {isa = PBXFileReference; lastKnownFileType = sourcecode.c.objc; path = SceneDelegate.m; sourceTree = "<group>"; };
		A02FE9502587720E00583C4E /* ViewController.h */ = {isa = PBXFileReference; lastKnownFileType = sourcecode.c.h; path = ViewController.h; sourceTree = "<group>"; };
		A02FE9512587720E00583C4E /* ViewController.m */ = {isa = PBXFileReference; lastKnownFileType = sourcecode.c.objc; path = ViewController.m; sourceTree = "<group>"; };
		A02FE9542587720E00583C4E /* Base */ = {isa = PBXFileReference; lastKnownFileType = file.storyboard; name = Base; path = Base.lproj/Main.storyboard; sourceTree = "<group>"; };
		A02FE9562587720F00583C4E /* Assets.xcassets */ = {isa = PBXFileReference; lastKnownFileType = folder.assetcatalog; path = Assets.xcassets; sourceTree = "<group>"; };
		A02FE9592587720F00583C4E /* Base */ = {isa = PBXFileReference; lastKnownFileType = file.storyboard; name = Base; path = Base.lproj/LaunchScreen.storyboard; sourceTree = "<group>"; };
		A02FE95B2587720F00583C4E /* Info.plist */ = {isa = PBXFileReference; lastKnownFileType = text.plist.xml; path = Info.plist; sourceTree = "<group>"; };
		A02FE95C2587720F00583C4E /* main.m */ = {isa = PBXFileReference; lastKnownFileType = sourcecode.c.objc; path = main.m; sourceTree = "<group>"; };
/* End PBXFileReference section */

/* Begin PBXFrameworksBuildPhase section */
		A02FE9442587720E00583C4E /* Frameworks */ = {
			isa = PBXFrameworksBuildPhase;
			buildActionMask = 2147483647;
			files = (
			);
			runOnlyForDeploymentPostprocessing = 0;
		};
/* End PBXFrameworksBuildPhase section */

/* Begin PBXGroup section */
		A02FE93E2587720E00583C4E = {
			isa = PBXGroup;
			children = (
				A02FE9492587720E00583C4E /* IrDeeplinkExample */,
				A02FE9482587720E00583C4E /* Products */,
			);
			sourceTree = "<group>";
		};
		A02FE9482587720E00583C4E /* Products */ = {
			isa = PBXGroup;
			children = (
				A02FE9472587720E00583C4E /* IrDeeplinkExample.app */,
			);
			name = Products;
			sourceTree = "<group>";
		};
		A02FE9492587720E00583C4E /* IrDeeplinkExample */ = {
			isa = PBXGroup;
			children = (
				A02FE94A2587720E00583C4E /* AppDelegate.h */,
				A02FE94B2587720E00583C4E /* AppDelegate.m */,
				A02FE94D2587720E00583C4E /* SceneDelegate.h */,
				A02FE94E2587720E00583C4E /* SceneDelegate.m */,
				A02FE9502587720E00583C4E /* ViewController.h */,
				A02FE9512587720E00583C4E /* ViewController.m */,
				A02FE9532587720E00583C4E /* Main.storyboard */,
				A02FE9562587720F00583C4E /* Assets.xcassets */,
				A02FE9582587720F00583C4E /* LaunchScreen.storyboard */,
				A02FE95B2587720F00583C4E /* Info.plist */,
				A02FE95C2587720F00583C4E /* main.m */,
			);
			path = IrDeeplinkExample;
			sourceTree = "<group>";
		};
/* End PBXGroup section */

/* Begin PBXNativeTarget section */
		A02FE9462587720E00583C4E /* IrDeeplinkExample */ = {
			isa = PBXNativeTarget;
			buildConfigurationList = A02FE9602587720F00583C4E /* Build configuration list for PBXNativeTarget "IrDeeplinkExample" */;
			buildPhases = (
				A02FE9432587720E00583C4E /* Sources */,
				A02FE9442587720E00583C4E /* Frameworks */,
				A02FE9452587720E00583C4E /* Resources */,
			);
			buildRules = (
			);
			dependencies = (
			);
			name = IrDeeplinkExample;
			productName = IrDeeplinkExample;
			productReference = A02FE9472587720E00583C4E /* IrDeeplinkExample.app */;
			productType = "com.apple.product-type.application";
		};
/* End PBXNativeTarget section */

/* Begin PBXProject section */
		A02FE93F2587720E00583C4E /* Project object */ = {
			isa = PBXProject;
			attributes = {
				LastUpgradeCheck = 1220;
				TargetAttributes = {
					A02FE9462587720E00583C4E = {
						CreatedOnToolsVersion = 12.2;
					};
				};
			};
			buildConfigurationList = A02FE9422587720E00583C4E /* Build configuration list for PBXProject "IrDeeplinkExample" */;
			compatibilityVersion = "Xcode 9.3";
			developmentRegion = en;
			hasScannedForEncodings = 0;
			knownRegions = (
				en,
				Base,
			);
			mainGroup = A02FE93E2587720E00583C4E;
			productRefGroup = A02FE9482587720E00583C4E /* Products */;
			projectDirPath = "";
			projectRoot = "";
			targets = (
				A02FE9462587720E00583C4E /* IrDeeplinkExample */,
			);
		};
/* End PBXProject section */

/* Begin PBXResourcesBuildPhase section */
		A02FE9452587720E00583C4E /* Resources */ = {
			isa = PBXResourcesBuildPhase;
			buildActionMask = 2147483647;
			files = (
				A02FE95A2587720F00583C4E /* LaunchScreen.storyboard in Resources */,
				A02FE9572587720F00583C4E /* Assets.xcassets in Resources */,
				A02FE9552587720E00583C4E /* Main.storyboard in Resources */,
			);
			runOnlyForDeploymentPostprocessing = 0;
		};
/* End PBXResourcesBuildPhase section */

/* Begin PBXSourcesBuildPhase section */
		A02FE9432587720E00583C4E /* Sources */ = {
			isa = PBXSourcesBuildPhase;
			buildActionMask = 2147483647;
			files = (
				A02FE9522587720E00583C4E /* ViewController.m in Sources */,
				A02FE94C2587720E00583C4E /* AppDelegate.m in Sources */,
				A02FE95D2587720F00583C4E /* main.m in Sources */,
				A02FE94F2587720E00583C4E /* SceneDelegate.m in Sources */,
			);
			runOnlyForDeploymentPostprocessing = 0;
		};
/* End PBXSourcesBuildPhase section */

/* Begin PBXVariantGroup section */
		A02FE9532587720E00583C4E /* Main.storyboard */ = {
			isa = PBXVariantGroup;
			children = (
				A02FE9542587720E00583C4E /* Base */,
			);
			name = Main.storyboard;
			sourceTree = "<group>";
		};
		A02FE9582587720F00583C4E /* LaunchScreen.storyboard */ = {
			isa = PBXVariantGroup;
			children = (
				A02FE9592587720F00583C4E /* Base */,
			);
			name = LaunchScreen.storyboard;
			sourceTree = "<group>";
		};
/* End PBXVariantGroup section */

/* Begin XCBuildConfiguration section */
		A02FE95E2587720F00583C4E /* Debug */ = {
			isa = XCBuildConfiguration;
			buildSettings = {
				ALWAYS_SEARCH_USER_PATHS = NO;
				CLANG_ANALYZER_NONNULL = YES;
				CLANG_ANALYZER_NUMBER_OBJECT_CONVERSION = YES_AGGRESSIVE;
				CLANG_CXX_LANGUAGE_STANDARD = "gnu++14";
				CLANG_CXX_LIBRARY = "libc++";
				CLANG_ENABLE_MODULES = YES;
				CLANG_ENABLE_OBJC_ARC = YES;
				CLANG_ENABLE_OBJC_WEAK = YES;
				CLANG_WARN_BLOCK_CAPTURE_AUTORELEASING = YES;
				CLANG_WARN_BOOL_CONVERSION = YES;
				CLANG_WARN_COMMA = YES;
				CLANG_WARN_CONSTANT_CONVERSION = YES;
				CLANG_WARN_DEPRECATED_OBJC_IMPLEMENTATIONS = YES;
				CLANG_WARN_DIRECT_OBJC_ISA_USAGE = YES_ERROR;
				CLANG_WARN_DOCUMENTATION_COMMENTS = YES;
				CLANG_WARN_EMPTY_BODY = YES;
				CLANG_WARN_ENUM_CONVERSION = YES;
				CLANG_WARN_INFINITE_RECURSION = YES;
				CLANG_WARN_INT_CONVERSION = YES;
				CLANG_WARN_NON_LITERAL_NULL_CONVERSION = YES;
				CLANG_WARN_OBJC_IMPLICIT_RETAIN_SELF = YES;
				CLANG_WARN_OBJC_LITERAL_CONVERSION = YES;
				CLANG_WARN_OBJC_ROOT_CLASS = YES_ERROR;
				CLANG_WARN_QUOTED_INCLUDE_IN_FRAMEWORK_HEADER = YES;
				CLANG_WARN_RANGE_LOOP_ANALYSIS = YES;
				CLANG_WARN_STRICT_PROTOTYPES = YES;
				CLANG_WARN_SUSPICIOUS_MOVE = YES;
				CLANG_WARN_UNGUARDED_AVAILABILITY = YES_AGGRESSIVE;
				CLANG_WARN_UNREACHABLE_CODE = YES;
				CLANG_WARN__DUPLICATE_METHOD_MATCH = YES;
				COPY_PHASE_STRIP = NO;
				DEBUG_INFORMATION_FORMAT = dwarf;
				ENABLE_STRICT_OBJC_MSGSEND = YES;
				ENABLE_TESTABILITY = YES;
				GCC_C_LANGUAGE_STANDARD = gnu11;
				GCC_DYNAMIC_NO_PIC = NO;
				GCC_NO_COMMON_BLOCKS = YES;
				GCC_OPTIMIZATION_LEVEL = 0;
				GCC_PREPROCESSOR_DEFINITIONS = (
					"DEBUG=1",
					"$(inherited)",
				);
				GCC_WARN_64_TO_32_BIT_CONVERSION = YES;
				GCC_WARN_ABOUT_RETURN_TYPE = YES_ERROR;
				GCC_WARN_UNDECLARED_SELECTOR = YES;
				GCC_WARN_UNINITIALIZED_AUTOS = YES_AGGRESSIVE;
				GCC_WARN_UNUSED_FUNCTION = YES;
				GCC_WARN_UNUSED_VARIABLE = YES;
				IPHONEOS_DEPLOYMENT_TARGET = 14.2;
				MTL_ENABLE_DEBUG_INFO = INCLUDE_SOURCE;
				MTL_FAST_MATH = YES;
				ONLY_ACTIVE_ARCH = YES;
				SDKROOT = iphoneos;
			};
			name = Debug;
		};
		A02FE95F2587720F00583C4E /* Release */ = {
			isa = XCBuildConfiguration;
			buildSettings = {
				ALWAYS_SEARCH_USER_PATHS = NO;
				CLANG_ANALYZER_NONNULL = YES;
				CLANG_ANALYZER_NUMBER_OBJECT_CONVERSION = YES_AGGRESSIVE;
				CLANG_CXX_LANGUAGE_STANDARD = "gnu++14";
				CLANG_CXX_LIBRARY = "libc++";
				CLANG_ENABLE_MODULES = YES;
				CLANG_ENABLE_OBJC_ARC = YES;
				CLANG_ENABLE_OBJC_WEAK = YES;
				CLANG_WARN_BLOCK_CAPTURE_AUTORELEASING = YES;
				CLANG_WARN_BOOL_CONVERSION = YES;
				CLANG_WARN_COMMA = YES;
				CLANG_WARN_CONSTANT_CONVERSION = YES;
				CLANG_WARN_DEPRECATED_OBJC_IMPLEMENTATIONS = YES;
				CLANG_WARN_DIRECT_OBJC_ISA_USAGE = YES_ERROR;
				CLANG_WARN_DOCUMENTATION_COMMENTS = YES;
				CLANG_WARN_EMPTY_BODY = YES;
				CLANG_WARN_ENUM_CONVERSION = YES;
				CLANG_WARN_INFINITE_RECURSION = YES;
				CLANG_WARN_INT_CONVERSION = YES;
				CLANG_WARN_NON_LITERAL_NULL_CONVERSION = YES;
				CLANG_WARN_OBJC_IMPLICIT_RETAIN_SELF = YES;
				CLANG_WARN_OBJC_LITERAL_CONVERSION = YES;
				CLANG_WARN_OBJC_ROOT_CLASS = YES_ERROR;
				CLANG_WARN_QUOTED_INCLUDE_IN_FRAMEWORK_HEADER = YES;
				CLANG_WARN_RANGE_LOOP_ANALYSIS = YES;
				CLANG_WARN_STRICT_PROTOTYPES = YES;
				CLANG_WARN_SUSPICIOUS_MOVE = YES;
				CLANG_WARN_UNGUARDED_AVAILABILITY = YES_AGGRESSIVE;
				CLANG_WARN_UNREACHABLE_CODE = YES;
				CLANG_WARN__DUPLICATE_METHOD_MATCH = YES;
				COPY_PHASE_STRIP = NO;
				DEBUG_INFORMATION_FORMAT = "dwarf-with-dsym";
				ENABLE_NS_ASSERTIONS = NO;
				ENABLE_STRICT_OBJC_MSGSEND = YES;
				GCC_C_LANGUAGE_STANDARD = gnu11;
				GCC_NO_COMMON_BLOCKS = YES;
				GCC_WARN_64_TO_32_BIT_CONVERSION = YES;
				GCC_WARN_ABOUT_RETURN_TYPE = YES_ERROR;
				GCC_WARN_UNDECLARED_SELECTOR = YES;
				GCC_WARN_UNINITIALIZED_AUTOS = YES_AGGRESSIVE;
				GCC_WARN_UNUSED_FUNCTION = YES;
				GCC_WARN_UNUSED_VARIABLE = YES;
				IPHONEOS_DEPLOYMENT_TARGET = 14.2;
				MTL_ENABLE_DEBUG_INFO = NO;
				MTL_FAST_MATH = YES;
				SDKROOT = iphoneos;
				VALIDATE_PRODUCT = YES;
			};
			name = Release;
		};
		A02FE9612587720F00583C4E /* Debug */ = {
			isa = XCBuildConfiguration;
			buildSettings = {
				ASSETCATALOG_COMPILER_APPICON_NAME = AppIcon;
				ASSETCATALOG_COMPILER_GLOBAL_ACCENT_COLOR_NAME = AccentColor;
				CODE_SIGN_STYLE = Automatic;
				DEVELOPMENT_TEAM = YXQ7AM6FKX;
				INFOPLIST_FILE = IrDeeplinkExample/Info.plist;
				LD_RUNPATH_SEARCH_PATHS = (
					"$(inherited)",
					"@executable_path/Frameworks",
				);
				PRODUCT_BUNDLE_IDENTIFIER = intrtl.IrDeeplinkExample;
				PRODUCT_NAME = "$(TARGET_NAME)";
				TARGETED_DEVICE_FAMILY = "1,2";
			};
			name = Debug;
		};
		A02FE9622587720F00583C4E /* Release */ = {
			isa = XCBuildConfiguration;
			buildSettings = {
				ASSETCATALOG_COMPILER_APPICON_NAME = AppIcon;
				ASSETCATALOG_COMPILER_GLOBAL_ACCENT_COLOR_NAME = AccentColor;
				CODE_SIGN_STYLE = Automatic;
				DEVELOPMENT_TEAM = YXQ7AM6FKX;
				INFOPLIST_FILE = IrDeeplinkExample/Info.plist;
				LD_RUNPATH_SEARCH_PATHS = (
					"$(inherited)",
					"@executable_path/Frameworks",
				);
				PRODUCT_BUNDLE_IDENTIFIER = intrtl.IrDeeplinkExample;
				PRODUCT_NAME = "$(TARGET_NAME)";
				TARGETED_DEVICE_FAMILY = "1,2";
			};
			name = Release;
		};
/* End XCBuildConfiguration section */

/* Begin XCConfigurationList section */
		A02FE9422587720E00583C4E /* Build configuration list for PBXProject "IrDeeplinkExample" */ = {
			isa = XCConfigurationList;
			buildConfigurations = (
				A02FE95E2587720F00583C4E /* Debug */,
				A02FE95F2587720F00583C4E /* Release */,
			);
			defaultConfigurationIsVisible = 0;
			defaultConfigurationName = Release;
		};
		A02FE9602587720F00583C4E /* Build configuration list for PBXNativeTarget "IrDeeplinkExample" */ = {
			isa = XCConfigurationList;
			buildConfigurations = (
				A02FE9612587720F00583C4E /* Debug */,
				A02FE9622587720F00583C4E /* Release */,
			);
			defaultConfigurationIsVisible = 0;
			defaultConfigurationName = Release;
		};
/* End XCConfigurationList section */
	};
	rootObject = A02FE93F2587720E00583C4E /* Project object */;
}
